<Solution>
  <Project Path="Завдання 2/Завдання 2.pyproj" Type="888888a0-9f3d-457c-b088-3a5042f75d52" Id="30e9dddb-be61-4ac0-b587-e4aaa15685ba">
    <Build Project="false" />
  </Project>
  <Project Path="Завдання 3/Завдання 3.pyproj" Type="888888a0-9f3d-457c-b088-3a5042f75d52" Id="11cf3250-78f1-4ad8-ae1a-41abe6b6bfbe">
    <Build Project="false" />
  </Project>
  <Project Path="Лабораторна робота 2/Лабораторна робота 2.pyproj" Type="888888a0-9f3d-457c-b088-3a5042f75d52" Id="57b3eeb6-6485-4087-96d1-96b669cbebec">
    <Build Project="false" />
  </Project>
</Solution>
